# This file is automatically @generated by Cargo.
# It is not intended for manual editing.
version = 3

[[package]]
name = "allocator-api2"
version = "0.2.21"
source = "registry+https://github.com/rust-lang/crates.io-index"
checksum = "683d7910e743518b0e34f1186f92494becacb047c7b6bf616c96772180fef923"

[[package]]
name = "autocfg"
version = "1.3.0"
source = "registry+https://github.com/rust-lang/crates.io-index"
checksum = "0c4b4d0bd25bd0b74681c0ad21497610ce1b7c91b1022cd21c80c6fbdd9476b0"

[[package]]
name = "bitflags"
version = "2.5.0"
source = "registry+https://github.com/rust-lang/crates.io-index"
checksum = "cf4b9d6a944f767f8e5e0db018570623c85f3d925ac718db4e06d0187adb21c1"

[[package]]
name = "bumpalo"
version = "3.16.0"
source = "registry+https://github.com/rust-lang/crates.io-index"
checksum = "79296716171880943b8470b5f8d03aa55eb2e645a4874bdbb28adb49162e012c"

[[package]]
name = "cfg-if"
version = "1.0.0"
source = "registry+https://github.com/rust-lang/crates.io-index"
checksum = "baf1de4339761588bc0619e3cbc0120ee582ebb74b53b4efbf79117bd2da40fd"

[[package]]
name = "coin_cbc"
version = "0.1.8"
source = "registry+https://github.com/rust-lang/crates.io-index"
checksum = "d602045cd2e7ad02608a71492af94357f493a6f3c934ce854c03bf10fddc5780"
dependencies = [
 "coin_cbc_sys",
 "lazy_static",
]

[[package]]
name = "coin_cbc_sys"
version = "0.1.2"
source = "registry+https://github.com/rust-lang/crates.io-index"
checksum = "085619f8bdc38e24e25c6336ecc3f2e6c0543d67566dff6daef0e32f7ac20f76"
dependencies = [
 "pkg-config",
]

[[package]]
name = "crossbeam-utils"
version = "0.8.20"
source = "registry+https://github.com/rust-lang/crates.io-index"
checksum = "22ec99545bb0ed0ea7bb9b8e1e9122ea386ff8a48c0922e43f36d45ab09e0e80"

[[package]]
name = "egg"
version = "0.10.0"
dependencies = [
 "env_logger",
 "good_lp",
 "hashbrown",
 "indexmap",
 "log",
 "num-bigint",
 "num-traits",
 "ordered-float",
 "quanta",
 "rustc-hash",
 "serde",
 "serde_json",
 "smallvec",
 "symbol_table",
 "symbolic_expressions",
 "thiserror",
 "vectorize",
]

[[package]]
name = "env_logger"
version = "0.9.3"
source = "registry+https://github.com/rust-lang/crates.io-index"
checksum = "a12e6657c4c97ebab115a42dcee77225f7f482cdd841cf7088c657a42e9e00e7"
dependencies = [
 "log",
]

[[package]]
name = "equivalent"
version = "1.0.1"
source = "registry+https://github.com/rust-lang/crates.io-index"
checksum = "5443807d6dff69373d433ab9ef5378ad8df50ca6298caf15de6e52e24aaf54d5"

[[package]]
name = "fnv"
version = "1.0.7"
source = "registry+https://github.com/rust-lang/crates.io-index"
checksum = "3f9eec918d3f24069decb9af1554cad7c880e2da24a9afd88aca000531ab82c1"

[[package]]
name = "foldhash"
version = "0.1.4"
source = "registry+https://github.com/rust-lang/crates.io-index"
checksum = "a0d2fde1f7b3d48b8395d5f2de76c18a528bd6a9cdde438df747bfcba3e05d6f"

[[package]]
name = "good_lp"
version = "1.15.2"
source = "registry+https://github.com/rust-lang/crates.io-index"
checksum = "745190412d5ff4a54335cd16229a475ad3fb8f5474a5c1358292d62932187ea7"
dependencies = [
 "coin_cbc",
 "fnv",
]

[[package]]
name = "hashbrown"
version = "0.15.2"
source = "registry+https://github.com/rust-lang/crates.io-index"
checksum = "bf151400ff0baff5465007dd2f3e717f3fe502074ca563069ce3a6629d07b289"
dependencies = [
 "allocator-api2",
 "equivalent",
 "foldhash",
 "serde",
]

[[package]]
name = "indexmap"
version = "2.7.1"
source = "registry+https://github.com/rust-lang/crates.io-index"
checksum = "8c9c992b02b5b4c94ea26e32fe5bccb7aa7d9f390ab5c1221ff895bc7ea8b652"
dependencies = [
 "equivalent",
 "hashbrown",
 "serde",
]

[[package]]
name = "itoa"
version = "1.0.11"
source = "registry+https://github.com/rust-lang/crates.io-index"
checksum = "49f1f14873335454500d59611f1cf4a4b0f786f9ac11f4312a78e4cf2566695b"

[[package]]
name = "js-sys"
version = "0.3.69"
source = "registry+https://github.com/rust-lang/crates.io-index"
checksum = "29c15563dc2726973df627357ce0c9ddddbea194836909d655df6a75d2cf296d"
dependencies = [
 "wasm-bindgen",
]

[[package]]
name = "lazy_static"
version = "1.4.0"
source = "registry+https://github.com/rust-lang/crates.io-index"
checksum = "e2abad23fbc42b3700f2f279844dc832adb2b2eb069b2df918f455c4e18cc646"

[[package]]
name = "libc"
version = "0.2.154"
source = "registry+https://github.com/rust-lang/crates.io-index"
checksum = "ae743338b92ff9146ce83992f766a31066a91a8c84a45e0e9f21e7cf6de6d346"

[[package]]
name = "log"
version = "0.4.21"
source = "registry+https://github.com/rust-lang/crates.io-index"
checksum = "90ed8c1e510134f979dbc4f070f87d4313098b704861a105fe34231c70a3901c"

[[package]]
name = "num-bigint"
version = "0.4.5"
source = "registry+https://github.com/rust-lang/crates.io-index"
checksum = "c165a9ab64cf766f73521c0dd2cfdff64f488b8f0b3e621face3462d3db536d7"
dependencies = [
 "num-integer",
 "num-traits",
]

[[package]]
name = "num-integer"
version = "0.1.46"
source = "registry+https://github.com/rust-lang/crates.io-index"
checksum = "7969661fd2958a5cb096e56c8e1ad0444ac2bbcd0061bd28660485a44879858f"
dependencies = [
 "num-traits",
]

[[package]]
name = "num-traits"
version = "0.2.19"
source = "registry+https://github.com/rust-lang/crates.io-index"
checksum = "071dfc062690e90b734c0b2273ce72ad0ffa95f0c74596bc250dcfd960262841"
dependencies = [
 "autocfg",
]

[[package]]
name = "once_cell"
version = "1.19.0"
source = "registry+https://github.com/rust-lang/crates.io-index"
checksum = "3fdb12b2476b595f9358c5161aa467c2438859caa136dec86c26fdd2efe17b92"

[[package]]
name = "ordered-float"
version = "3.9.2"
source = "registry+https://github.com/rust-lang/crates.io-index"
checksum = "f1e1c390732d15f1d48471625cd92d154e66db2c56645e29a9cd26f4699f72dc"
dependencies = [
 "num-traits",
]

[[package]]
name = "pkg-config"
version = "0.3.30"
source = "registry+https://github.com/rust-lang/crates.io-index"
checksum = "d231b230927b5e4ad203db57bbcbee2802f6bce620b1e4a9024a07d94e2907ec"

[[package]]
name = "proc-macro2"
version = "1.0.82"
source = "registry+https://github.com/rust-lang/crates.io-index"
checksum = "8ad3d49ab951a01fbaafe34f2ec74122942fe18a3f9814c3268f1bb72042131b"
dependencies = [
 "unicode-ident",
]

[[package]]
name = "quanta"
version = "0.12.3"
source = "registry+https://github.com/rust-lang/crates.io-index"
checksum = "8e5167a477619228a0b284fac2674e3c388cba90631d7b7de620e6f1fcd08da5"
dependencies = [
 "crossbeam-utils",
 "libc",
 "once_cell",
 "raw-cpuid",
 "wasi",
 "web-sys",
 "winapi",
]

[[package]]
name = "quote"
version = "1.0.36"
source = "registry+https://github.com/rust-lang/crates.io-index"
checksum = "0fa76aaf39101c457836aec0ce2316dbdc3ab723cdda1c6bd4e6ad4208acaca7"
dependencies = [
 "proc-macro2",
]

[[package]]
name = "raw-cpuid"
version = "11.0.2"
source = "registry+https://github.com/rust-lang/crates.io-index"
checksum = "e29830cbb1290e404f24c73af91c5d8d631ce7e128691e9477556b540cd01ecd"
dependencies = [
 "bitflags",
]

[[package]]
name = "rustc-hash"
version = "2.1.0"
source = "registry+https://github.com/rust-lang/crates.io-index"
checksum = "c7fb8039b3032c191086b10f11f319a6e99e1e82889c5cc6046f515c9db1d497"

[[package]]
name = "ryu"
version = "1.0.18"
source = "registry+https://github.com/rust-lang/crates.io-index"
checksum = "f3cb5ba0dc43242ce17de99c180e96db90b235b8a9fdc9543c96d2209116bd9f"

[[package]]
name = "serde"
version = "1.0.200"
source = "registry+https://github.com/rust-lang/crates.io-index"
checksum = "ddc6f9cc94d67c0e21aaf7eda3a010fd3af78ebf6e096aa6e2e13c79749cce4f"
dependencies = [
 "serde_derive",
]

[[package]]
name = "serde_derive"
version = "1.0.200"
source = "registry+https://github.com/rust-lang/crates.io-index"
checksum = "856f046b9400cee3c8c94ed572ecdb752444c24528c035cd35882aad6f492bcb"
dependencies = [
 "proc-macro2",
 "quote",
 "syn",
]

[[package]]
name = "serde_json"
version = "1.0.116"
source = "registry+https://github.com/rust-lang/crates.io-index"
checksum = "3e17db7126d17feb94eb3fad46bf1a96b034e8aacbc2e775fe81505f8b0b2813"
dependencies = [
 "itoa",
 "ryu",
 "serde",
]

[[package]]
name = "smallvec"
version = "1.13.2"
source = "registry+https://github.com/rust-lang/crates.io-index"
checksum = "3c5e1a9a646d36c3599cd173a41282daf47c44583ad367b8e6837255952e5c67"

[[package]]
name = "symbol_table"
version = "0.4.0"
source = "registry+https://github.com/rust-lang/crates.io-index"
checksum = "f19bffd69fb182e684d14e3c71d04c0ef33d1641ac0b9e81c712c734e83703bc"
dependencies = [
 "crossbeam-utils",
 "foldhash",
 "hashbrown",
 "serde",
]

[[package]]
name = "symbolic_expressions"
version = "5.0.3"
source = "registry+https://github.com/rust-lang/crates.io-index"
checksum = "7c68d531d83ec6c531150584c42a4290911964d5f0d79132b193b67252a23b71"

[[package]]
name = "syn"
version = "2.0.61"
source = "registry+https://github.com/rust-lang/crates.io-index"
checksum = "c993ed8ccba56ae856363b1845da7266a7cb78e1d146c8a32d54b45a8b831fc9"
dependencies = [
 "proc-macro2",
 "quote",
 "unicode-ident",
]

[[package]]
name = "thiserror"
version = "1.0.60"
source = "registry+https://github.com/rust-lang/crates.io-index"
checksum = "579e9083ca58dd9dcf91a9923bb9054071b9ebbd800b342194c9feb0ee89fc18"
dependencies = [
 "thiserror-impl",
]

[[package]]
name = "thiserror-impl"
version = "1.0.60"
source = "registry+https://github.com/rust-lang/crates.io-index"
checksum = "e2470041c06ec3ac1ab38d0356a6119054dedaea53e12fbefc0de730a1c08524"
dependencies = [
 "proc-macro2",
 "quote",
 "syn",
]

[[package]]
name = "unicode-ident"
version = "1.0.12"
source = "registry+https://github.com/rust-lang/crates.io-index"
checksum = "3354b9ac3fae1ff6755cb6db53683adb661634f67557942dea4facebec0fee4b"

[[package]]
name = "vectorize"
version = "0.2.0"
source = "registry+https://github.com/rust-lang/crates.io-index"
checksum = "25e3bbfdfdcc4ea60ce183b1b45c936aacd69fe097ebf137984a32faf80e365b"
dependencies = [
 "serde",
]

[[package]]
name = "wasi"
version = "0.11.0+wasi-snapshot-preview1"
source = "registry+https://github.com/rust-lang/crates.io-index"
checksum = "9c8d87e72b64a3b4db28d11ce29237c246188f4f51057d65a7eab63b7987e423"

[[package]]
name = "wasm-bindgen"
version = "0.2.92"
source = "registry+https://github.com/rust-lang/crates.io-index"
checksum = "4be2531df63900aeb2bca0daaaddec08491ee64ceecbee5076636a3b026795a8"
dependencies = [
 "cfg-if",
 "wasm-bindgen-macro",
]

[[package]]
name = "wasm-bindgen-backend"
version = "0.2.92"
source = "registry+https://github.com/rust-lang/crates.io-index"
checksum = "614d787b966d3989fa7bb98a654e369c762374fd3213d212cfc0251257e747da"
dependencies = [
 "bumpalo",
 "log",
 "once_cell",
 "proc-macro2",
 "quote",
 "syn",
 "wasm-bindgen-shared",
]

[[package]]
name = "wasm-bindgen-macro"
version = "0.2.92"
source = "registry+https://github.com/rust-lang/crates.io-index"
checksum = "a1f8823de937b71b9460c0c34e25f3da88250760bec0ebac694b49997550d726"
dependencies = [
 "quote",
 "wasm-bindgen-macro-support",
]

[[package]]
name = "wasm-bindgen-macro-support"
version = "0.2.92"
source = "registry+https://github.com/rust-lang/crates.io-index"
checksum = "e94f17b526d0a461a191c78ea52bbce64071ed5c04c9ffe424dcb38f74171bb7"
dependencies = [
 "proc-macro2",
 "quote",
 "syn",
 "wasm-bindgen-backend",
 "wasm-bindgen-shared",
]

[[package]]
name = "wasm-bindgen-shared"
version = "0.2.92"
source = "registry+https://github.com/rust-lang/crates.io-index"
checksum = "af190c94f2773fdb3729c55b007a722abb5384da03bc0986df4c289bf5567e96"

[[package]]
name = "web-sys"
version = "0.3.69"
source = "registry+https://github.com/rust-lang/crates.io-index"
checksum = "77afa9a11836342370f4817622a2f0f418b134426d91a82dfb48f532d2ec13ef"
dependencies = [
 "js-sys",
 "wasm-bindgen",
]

[[package]]
name = "winapi"
version = "0.3.9"
source = "registry+https://github.com/rust-lang/crates.io-index"
checksum = "5c839a674fcd7a98952e593242ea400abe93992746761e38641405d28b00f419"
dependencies = [
 "winapi-i686-pc-windows-gnu",
 "winapi-x86_64-pc-windows-gnu",
]

[[package]]
name = "winapi-i686-pc-windows-gnu"
version = "0.4.0"
source = "registry+https://github.com/rust-lang/crates.io-index"
checksum = "ac3b87c63620426dd9b991e5ce0329eff545bccbbb34f3be09ff6fb6ab51b7b6"

[[package]]
name = "winapi-x86_64-pc-windows-gnu"
version = "0.4.0"
source = "registry+https://github.com/rust-lang/crates.io-index"
checksum = "712e227841d057c1ee1cd2fb22fa7e5a5461ae8e48fa2ca79ec42cfc1931183f"
